
Microsoft Visual Studio Solution File, Format Version 12.00
# Visual Studio Version 17
VisualStudioVersion = 17.2.32516.85
MinimumVisualStudioVersion = 10.0.40219.1
Project("{FAE04EC0-301F-11D3-BF4B-00C04F79EFBC}") = "Odev5", "Odev5\Odev5.csproj", "{DB042A6F-C666-4182-9951-2DC11BB8D51A}"
EndProject
Global
	GlobalSection(SolutionConfigurationPlatforms) = preSolution
		Debug|Any CPU = Debug|Any CPU
		Release|Any CPU = Release|Any CPU
	EndGlobalSection
	GlobalSection(ProjectConfigurationPlatforms) = postSolution
		{DB042A6F-C666-4182-9951-2DC11BB8D51A}.Debug|Any CPU.ActiveCfg = Debug|Any CPU
		{DB042A6F-C666-4182-9951-2DC11BB8D51A}.Debug|Any CPU.Build.0 = Debug|Any CPU
		{DB042A6F-C666-4182-9951-2DC11BB8D51A}.Release|Any CPU.ActiveCfg = Release|Any CPU
		{DB042A6F-C666-4182-9951-2DC11BB8D51A}.Release|Any CPU.Build.0 = Release|Any CPU
	EndGlobalSection
	GlobalSection(SolutionProperties) = preSolution
		HideSolutionNode = FALSE
	EndGlobalSection
	GlobalSection(ExtensibilityGlobals) = postSolution
		SolutionGuid = {8CCC64F8-B0D0-48A9-99FD-FEFCA935866E}
	EndGlobalSection
EndGlobal
